
Microsoft Visual Studio Solution File, Format Version 12.00
# Visual Studio Version 17
VisualStudioVersion = 17.11.35312.102
MinimumVisualStudioVersion = 10.0.40219.1
Project("{FAE04EC0-301F-11D3-BF4B-00C04F79EFBC}") = "ms-evt", "ms-evt\ms-evt.csproj", "{4BBDE2FF-DBD9-4949-AF20-D1F70EFE309F}"
EndProject
Project("{FAE04EC0-301F-11D3-BF4B-00C04F79EFBC}") = "ms-evtTests", "ms-evtTests\ms-evtTests.csproj", "{B357530D-6C30-4B1A-829C-9F8F6A811072}"
EndProject
Global
	GlobalSection(SolutionConfigurationPlatforms) = preSolution
		Debug|Any CPU = Debug|Any CPU
		Release|Any CPU = Release|Any CPU
	EndGlobalSection
	GlobalSection(ProjectConfigurationPlatforms) = postSolution
		{4BBDE2FF-DBD9-4949-AF20-D1F70EFE309F}.Debug|Any CPU.ActiveCfg = Debug|Any CPU
		{4BBDE2FF-DBD9-4949-AF20-D1F70EFE309F}.Debug|Any CPU.Build.0 = Debug|Any CPU
		{4BBDE2FF-DBD9-4949-AF20-D1F70EFE309F}.Release|Any CPU.ActiveCfg = Release|Any CPU
		{4BBDE2FF-DBD9-4949-AF20-D1F70EFE309F}.Release|Any CPU.Build.0 = Release|Any CPU
		{B357530D-6C30-4B1A-829C-9F8F6A811072}.Debug|Any CPU.ActiveCfg = Debug|Any CPU
		{B357530D-6C30-4B1A-829C-9F8F6A811072}.Debug|Any CPU.Build.0 = Debug|Any CPU
		{B357530D-6C30-4B1A-829C-9F8F6A811072}.Release|Any CPU.ActiveCfg = Release|Any CPU
		{B357530D-6C30-4B1A-829C-9F8F6A811072}.Release|Any CPU.Build.0 = Release|Any CPU
	EndGlobalSection
	GlobalSection(SolutionProperties) = preSolution
		HideSolutionNode = FALSE
	EndGlobalSection
	GlobalSection(ExtensibilityGlobals) = postSolution
		SolutionGuid = {79840B14-A916-4735-9EF3-3A6BC5F2BF61}
	EndGlobalSection
EndGlobal
